
Microsoft Visual Studio Solution File, Format Version 12.00
# Visual Studio 2012
Project("{FAE04EC0-301F-11D3-BF4B-00C04F79EFBC}") = "HtmlHomeThree", "HtmlHomeThree\HtmlHomeThree.csproj", "{8307EED6-5A01-4E02-9C42-9188D77024B5}"
EndProject
Global
	GlobalSection(SolutionConfigurationPlatforms) = preSolution
		Debug|Any CPU = Debug|Any CPU
		Release|Any CPU = Release|Any CPU
	EndGlobalSection
	GlobalSection(ProjectConfigurationPlatforms) = postSolution
		{8307EED6-5A01-4E02-9C42-9188D77024B5}.Debug|Any CPU.ActiveCfg = Debug|Any CPU
		{8307EED6-5A01-4E02-9C42-9188D77024B5}.Debug|Any CPU.Build.0 = Debug|Any CPU
		{8307EED6-5A01-4E02-9C42-9188D77024B5}.Release|Any CPU.ActiveCfg = Release|Any CPU
		{8307EED6-5A01-4E02-9C42-9188D77024B5}.Release|Any CPU.Build.0 = Release|Any CPU
	EndGlobalSection
	GlobalSection(SolutionProperties) = preSolution
		HideSolutionNode = FALSE
	EndGlobalSection
EndGlobal
